// !$*UTF8*$!
{
	archiveVersion = 1;
	classes = {
	};
	objectVersion = 46;
	objects = {

/* Begin PBXBuildFile section */
		5734263D1EE1BC5700CFE5B2 /* aulib-1024.png in Resources */ = {isa = PBXBuildFile; fileRef = 5734263C1EE1BC5700CFE5B2 /* aulib-1024.png */; };
		5797CFBC1EE07A8D0088A25F /* CoreFoundation.framework in Frameworks */ = {isa = PBXBuildFile; fileRef = 5797CFBB1EE07A8D0088A25F /* CoreFoundation.framework */; };
		5797CFBE1EE07A970088A25F /* CoreAudio.framework in Frameworks */ = {isa = PBXBuildFile; fileRef = 5797CFBD1EE07A970088A25F /* CoreAudio.framework */; };
		5797CFC61EE07B330088A25F /* libFLAC.a in Frameworks */ = {isa = PBXBuildFile; fileRef = 5797CFBF1EE07B330088A25F /* libFLAC.a */; };
		5797CFC71EE07B330088A25F /* libogg.a in Frameworks */ = {isa = PBXBuildFile; fileRef = 5797CFC01EE07B330088A25F /* libogg.a */; };
		5797CFC81EE07B330088A25F /* libportaudio.a in Frameworks */ = {isa = PBXBuildFile; fileRef = 5797CFC11EE07B330088A25F /* libportaudio.a */; };
		5797CFC91EE07B330088A25F /* libportmidi.dylib in Frameworks */ = {isa = PBXBuildFile; fileRef = 5797CFC21EE07B330088A25F /* libportmidi.dylib */; };
		5797CFCA1EE07B330088A25F /* libsndfile.a in Frameworks */ = {isa = PBXBuildFile; fileRef = 5797CFC31EE07B330088A25F /* libsndfile.a */; };
		5797CFCB1EE07B330088A25F /* libvorbis.a in Frameworks */ = {isa = PBXBuildFile; fileRef = 5797CFC41EE07B330088A25F /* libvorbis.a */; };
		5797CFCC1EE07B330088A25F /* libvorbisenc.a in Frameworks */ = {isa = PBXBuildFile; fileRef = 5797CFC51EE07B330088A25F /* libvorbisenc.a */; };
		5797CFCF1EE07B820088A25F /* AudioToolbox.framework in Frameworks */ = {isa = PBXBuildFile; fileRef = 5797CFCD1EE07B820088A25F /* AudioToolbox.framework */; };
		5797CFD01EE07B820088A25F /* AudioUnit.framework in Frameworks */ = {isa = PBXBuildFile; fileRef = 5797CFCE1EE07B820088A25F /* AudioUnit.framework */; };
		5797CFD51EE0A26E0088A25F /* libportmidi.dylib in CopyFiles */ = {isa = PBXBuildFile; fileRef = 5797CFC21EE07B330088A25F /* libportmidi.dylib */; settings = {ATTRIBUTES = (CodeSignOnCopy, ); }; };
		57EE077D1EDEAA290061F62A /* AppDelegate.m in Sources */ = {isa = PBXBuildFile; fileRef = 57EE077C1EDEAA290061F62A /* AppDelegate.m */; };
		57EE07801EDEAA290061F62A /* main.m in Sources */ = {isa = PBXBuildFile; fileRef = 57EE077F1EDEAA290061F62A /* main.m */; };
		57EE07831EDEAA290061F62A /* ViewController.m in Sources */ = {isa = PBXBuildFile; fileRef = 57EE07821EDEAA290061F62A /* ViewController.m */; };
		57EE07851EDEAA290061F62A /* Assets.xcassets in Resources */ = {isa = PBXBuildFile; fileRef = 57EE07841EDEAA290061F62A /* Assets.xcassets */; };
		57EE07881EDEAA290061F62A /* Main.storyboard in Resources */ = {isa = PBXBuildFile; fileRef = 57EE07861EDEAA290061F62A /* Main.storyboard */; };
		57EE07B01EDEAC970061F62A /* midisynth.cpp in Sources */ = {isa = PBXBuildFile; fileRef = 57EE07AF1EDEAC970061F62A /* midisynth.cpp */; };
		57EE07B21EDEACE50061F62A /* libAuLib.a in Frameworks */ = {isa = PBXBuildFile; fileRef = 57EE07B11EDEACE50061F62A /* libAuLib.a */; };
		57EE07BC1EDED0DF0061F62A /* church.wav in Resources */ = {isa = PBXBuildFile; fileRef = 57EE07BB1EDED0DF0061F62A /* church.wav */; };
/* End PBXBuildFile section */

/* Begin PBXCopyFilesBuildPhase section */
		5797CFD41EE0A2500088A25F /* CopyFiles */ = {
			isa = PBXCopyFilesBuildPhase;
			buildActionMask = 2147483647;
			dstPath = "";
			dstSubfolderSpec = 10;
			files = (
				5797CFD51EE0A26E0088A25F /* libportmidi.dylib in CopyFiles */,
			);
			runOnlyForDeploymentPostprocessing = 0;
		};
/* End PBXCopyFilesBuildPhase section */

/* Begin PBXFileReference section */
		5734263C1EE1BC5700CFE5B2 /* aulib-1024.png */ = {isa = PBXFileReference; lastKnownFileType = image.png; name = "aulib-1024.png"; path = "../../aulib-1024.png"; sourceTree = "<group>"; };
		5797CFBB1EE07A8D0088A25F /* CoreFoundation.framework */ = {isa = PBXFileReference; lastKnownFileType = wrapper.framework; name = CoreFoundation.framework; path = System/Library/Frameworks/CoreFoundation.framework; sourceTree = SDKROOT; };
		5797CFBD1EE07A970088A25F /* CoreAudio.framework */ = {isa = PBXFileReference; lastKnownFileType = wrapper.framework; name = CoreAudio.framework; path = System/Library/Frameworks/CoreAudio.framework; sourceTree = SDKROOT; };
		5797CFBF1EE07B330088A25F /* libFLAC.a */ = {isa = PBXFileReference; lastKnownFileType = archive.ar; name = libFLAC.a; path = ../../lib/libFLAC.a; sourceTree = "<group>"; };
		5797CFC01EE07B330088A25F /* libogg.a */ = {isa = PBXFileReference; lastKnownFileType = archive.ar; name = libogg.a; path = ../../lib/libogg.a; sourceTree = "<group>"; };
		5797CFC11EE07B330088A25F /* libportaudio.a */ = {isa = PBXFileReference; lastKnownFileType = archive.ar; name = libportaudio.a; path = ../../lib/libportaudio.a; sourceTree = "<group>"; };
		5797CFC21EE07B330088A25F /* libportmidi.dylib */ = {isa = PBXFileReference; lastKnownFileType = "compiled.mach-o.dylib"; name = libportmidi.dylib; path = ../../lib/libportmidi.dylib; sourceTree = "<group>"; };
		5797CFC31EE07B330088A25F /* libsndfile.a */ = {isa = PBXFileReference; lastKnownFileType = archive.ar; name = libsndfile.a; path = ../../lib/libsndfile.a; sourceTree = "<group>"; };
		5797CFC41EE07B330088A25F /* libvorbis.a */ = {isa = PBXFileReference; lastKnownFileType = archive.ar; name = libvorbis.a; path = ../../lib/libvorbis.a; sourceTree = "<group>"; };
		5797CFC51EE07B330088A25F /* libvorbisenc.a */ = {isa = PBXFileReference; lastKnownFileType = archive.ar; name = libvorbisenc.a; path = ../../lib/libvorbisenc.a; sourceTree = "<group>"; };
		5797CFCD1EE07B820088A25F /* AudioToolbox.framework */ = {isa = PBXFileReference; lastKnownFileType = wrapper.framework; name = AudioToolbox.framework; path = System/Library/Frameworks/AudioToolbox.framework; sourceTree = SDKROOT; };
		5797CFCE1EE07B820088A25F /* AudioUnit.framework */ = {isa = PBXFileReference; lastKnownFileType = wrapper.framework; name = AudioUnit.framework; path = System/Library/Frameworks/AudioUnit.framework; sourceTree = SDKROOT; };
		57EE07781EDEAA290061F62A /* midisynth.app */ = {isa = PBXFileReference; explicitFileType = wrapper.application; includeInIndex = 0; path = midisynth.app; sourceTree = BUILT_PRODUCTS_DIR; };
		57EE077B1EDEAA290061F62A /* AppDelegate.h */ = {isa = PBXFileReference; lastKnownFileType = sourcecode.c.h; path = AppDelegate.h; sourceTree = "<group>"; };
		57EE077C1EDEAA290061F62A /* AppDelegate.m */ = {isa = PBXFileReference; lastKnownFileType = sourcecode.c.objc; path = AppDelegate.m; sourceTree = "<group>"; };
		57EE077F1EDEAA290061F62A /* main.m */ = {isa = PBXFileReference; lastKnownFileType = sourcecode.c.objc; path = main.m; sourceTree = "<group>"; };
		57EE07811EDEAA290061F62A /* ViewController.h */ = {isa = PBXFileReference; lastKnownFileType = sourcecode.c.h; path = ViewController.h; sourceTree = "<group>"; };
		57EE07821EDEAA290061F62A /* ViewController.m */ = {isa = PBXFileReference; lastKnownFileType = sourcecode.c.objc; path = ViewController.m; sourceTree = "<group>"; };
		57EE07841EDEAA290061F62A /* Assets.xcassets */ = {isa = PBXFileReference; lastKnownFileType = folder.assetcatalog; path = Assets.xcassets; sourceTree = "<group>"; };
		57EE07871EDEAA290061F62A /* Base */ = {isa = PBXFileReference; lastKnownFileType = file.storyboard; name = Base; path = Base.lproj/Main.storyboard; sourceTree = "<group>"; };
		57EE07891EDEAA290061F62A /* Info.plist */ = {isa = PBXFileReference; lastKnownFileType = text.plist.xml; path = Info.plist; sourceTree = "<group>"; };
		57EE07AF1EDEAC970061F62A /* midisynth.cpp */ = {isa = PBXFileReference; fileEncoding = 4; lastKnownFileType = sourcecode.cpp.cpp; path = midisynth.cpp; sourceTree = "<group>"; };
		57EE07B11EDEACE50061F62A /* libAuLib.a */ = {isa = PBXFileReference; lastKnownFileType = archive.ar; name = libAuLib.a; path = ../../lib/libAuLib.a; sourceTree = "<group>"; };
		57EE07BB1EDED0DF0061F62A /* church.wav */ = {isa = PBXFileReference; lastKnownFileType = audio.wav; name = church.wav; path = ../../audio/church.wav; sourceTree = "<group>"; };
/* End PBXFileReference section */

/* Begin PBXFrameworksBuildPhase section */
		57EE07751EDEAA290061F62A /* Frameworks */ = {
			isa = PBXFrameworksBuildPhase;
			buildActionMask = 2147483647;
			files = (
				5797CFCF1EE07B820088A25F /* AudioToolbox.framework in Frameworks */,
				5797CFD01EE07B820088A25F /* AudioUnit.framework in Frameworks */,
				5797CFBE1EE07A970088A25F /* CoreAudio.framework in Frameworks */,
				5797CFC61EE07B330088A25F /* libFLAC.a in Frameworks */,
				5797CFC91EE07B330088A25F /* libportmidi.dylib in Frameworks */,
				5797CFBC1EE07A8D0088A25F /* CoreFoundation.framework in Frameworks */,
				5797CFC81EE07B330088A25F /* libportaudio.a in Frameworks */,
				5797CFC71EE07B330088A25F /* libogg.a in Frameworks */,
				5797CFCB1EE07B330088A25F /* libvorbis.a in Frameworks */,
				5797CFCC1EE07B330088A25F /* libvorbisenc.a in Frameworks */,
				57EE07B21EDEACE50061F62A /* libAuLib.a in Frameworks */,
				5797CFCA1EE07B330088A25F /* libsndfile.a in Frameworks */,
			);
			runOnlyForDeploymentPostprocessing = 0;
		};
/* End PBXFrameworksBuildPhase section */

/* Begin PBXGroup section */
		5797CFBA1EE07A8D0088A25F /* Frameworks */ = {
			isa = PBXGroup;
			children = (
				5797CFCD1EE07B820088A25F /* AudioToolbox.framework */,
				5797CFCE1EE07B820088A25F /* AudioUnit.framework */,
				5797CFBD1EE07A970088A25F /* CoreAudio.framework */,
				5797CFBB1EE07A8D0088A25F /* CoreFoundation.framework */,
			);
			name = Frameworks;
			sourceTree = "<group>";
		};
		57EE076F1EDEAA290061F62A = {
			isa = PBXGroup;
			children = (
				5734263C1EE1BC5700CFE5B2 /* aulib-1024.png */,
				57EE07BB1EDED0DF0061F62A /* church.wav */,
				5797CFBF1EE07B330088A25F /* libFLAC.a */,
				5797CFC01EE07B330088A25F /* libogg.a */,
				5797CFC21EE07B330088A25F /* libportmidi.dylib */,
				5797CFC11EE07B330088A25F /* libportaudio.a */,
				5797CFC31EE07B330088A25F /* libsndfile.a */,
				5797CFC41EE07B330088A25F /* libvorbis.a */,
				5797CFC51EE07B330088A25F /* libvorbisenc.a */,
				57EE07B11EDEACE50061F62A /* libAuLib.a */,
				57EE077A1EDEAA290061F62A /* midisynth */,
				57EE07791EDEAA290061F62A /* Products */,
				5797CFBA1EE07A8D0088A25F /* Frameworks */,
			);
			sourceTree = "<group>";
		};
		57EE07791EDEAA290061F62A /* Products */ = {
			isa = PBXGroup;
			children = (
				57EE07781EDEAA290061F62A /* midisynth.app */,
			);
			name = Products;
			sourceTree = "<group>";
		};
		57EE077A1EDEAA290061F62A /* midisynth */ = {
			isa = PBXGroup;
			children = (
				57EE07AF1EDEAC970061F62A /* midisynth.cpp */,
				57EE077B1EDEAA290061F62A /* AppDelegate.h */,
				57EE077C1EDEAA290061F62A /* AppDelegate.m */,
				57EE07811EDEAA290061F62A /* ViewController.h */,
				57EE07821EDEAA290061F62A /* ViewController.m */,
				57EE07841EDEAA290061F62A /* Assets.xcassets */,
				57EE07861EDEAA290061F62A /* Main.storyboard */,
				57EE07891EDEAA290061F62A /* Info.plist */,
				57EE077E1EDEAA290061F62A /* Supporting Files */,
			);
			path = midisynth;
			sourceTree = "<group>";
		};
		57EE077E1EDEAA290061F62A /* Supporting Files */ = {
			isa = PBXGroup;
			children = (
				57EE077F1EDEAA290061F62A /* main.m */,
			);
			name = "Supporting Files";
			sourceTree = "<group>";
		};
/* End PBXGroup section */

/* Begin PBXNativeTarget section */
		57EE07771EDEAA290061F62A /* midisynth */ = {
			isa = PBXNativeTarget;
			buildConfigurationList = 57EE07A21EDEAA290061F62A /* Build configuration list for PBXNativeTarget "midisynth" */;
			buildPhases = (
				57EE07741EDEAA290061F62A /* Sources */,
				57EE07751EDEAA290061F62A /* Frameworks */,
				57EE07761EDEAA290061F62A /* Resources */,
				5797CFD41EE0A2500088A25F /* CopyFiles */,
			);
			buildRules = (
			);
			dependencies = (
			);
			name = midisynth;
			productName = midisynth;
			productReference = 57EE07781EDEAA290061F62A /* midisynth.app */;
			productType = "com.apple.product-type.application";
		};
/* End PBXNativeTarget section */

/* Begin PBXProject section */
		57EE07701EDEAA290061F62A /* Project object */ = {
			isa = PBXProject;
			attributes = {
				LastUpgradeCheck = 0830;
				ORGANIZATIONNAME = "Victor Lazzarini";
				TargetAttributes = {
					57EE07771EDEAA290061F62A = {
						CreatedOnToolsVersion = 8.3.2;
						ProvisioningStyle = Automatic;
					};
				};
			};
			buildConfigurationList = 57EE07731EDEAA290061F62A /* Build configuration list for PBXProject "midisynth" */;
			compatibilityVersion = "Xcode 3.2";
			developmentRegion = English;
			hasScannedForEncodings = 0;
			knownRegions = (
				en,
				Base,
			);
			mainGroup = 57EE076F1EDEAA290061F62A;
			productRefGroup = 57EE07791EDEAA290061F62A /* Products */;
			projectDirPath = "";
			projectRoot = "";
			targets = (
				57EE07771EDEAA290061F62A /* midisynth */,
			);
		};
/* End PBXProject section */

/* Begin PBXResourcesBuildPhase section */
		57EE07761EDEAA290061F62A /* Resources */ = {
			isa = PBXResourcesBuildPhase;
			buildActionMask = 2147483647;
			files = (
				57EE07851EDEAA290061F62A /* Assets.xcassets in Resources */,
				57EE07881EDEAA290061F62A /* Main.storyboard in Resources */,
				5734263D1EE1BC5700CFE5B2 /* aulib-1024.png in Resources */,
				57EE07BC1EDED0DF0061F62A /* church.wav in Resources */,
			);
			runOnlyForDeploymentPostprocessing = 0;
		};
/* End PBXResourcesBuildPhase section */

/* Begin PBXSourcesBuildPhase section */
		57EE07741EDEAA290061F62A /* Sources */ = {
			isa = PBXSourcesBuildPhase;
			buildActionMask = 2147483647;
			files = (
				57EE07831EDEAA290061F62A /* ViewController.m in Sources */,
				57EE07801EDEAA290061F62A /* main.m in Sources */,
				57EE077D1EDEAA290061F62A /* AppDelegate.m in Sources */,
				57EE07B01EDEAC970061F62A /* midisynth.cpp in Sources */,
			);
			runOnlyForDeploymentPostprocessing = 0;
		};
/* End PBXSourcesBuildPhase section */

/* Begin PBXVariantGroup section */
		57EE07861EDEAA290061F62A /* Main.storyboard */ = {
			isa = PBXVariantGroup;
			children = (
				57EE07871EDEAA290061F62A /* Base */,
			);
			name = Main.storyboard;
			sourceTree = "<group>";
		};
/* End PBXVariantGroup section */

/* Begin XCBuildConfiguration section */
		57EE07A01EDEAA290061F62A /* Debug */ = {
			isa = XCBuildConfiguration;
			buildSettings = {
				ALWAYS_SEARCH_USER_PATHS = NO;
				CLANG_ANALYZER_NONNULL = YES;
				CLANG_ANALYZER_NUMBER_OBJECT_CONVERSION = YES_AGGRESSIVE;
				CLANG_CXX_LANGUAGE_STANDARD = "c++14";
				CLANG_CXX_LIBRARY = "libc++";
				CLANG_ENABLE_MODULES = YES;
				CLANG_ENABLE_OBJC_ARC = YES;
				CLANG_WARN_BOOL_CONVERSION = YES;
				CLANG_WARN_CONSTANT_CONVERSION = YES;
				CLANG_WARN_DIRECT_OBJC_ISA_USAGE = YES_ERROR;
				CLANG_WARN_DOCUMENTATION_COMMENTS = YES;
				CLANG_WARN_EMPTY_BODY = YES;
				CLANG_WARN_ENUM_CONVERSION = YES;
				CLANG_WARN_INFINITE_RECURSION = YES;
				CLANG_WARN_INT_CONVERSION = YES;
				CLANG_WARN_OBJC_ROOT_CLASS = YES_ERROR;
				CLANG_WARN_SUSPICIOUS_MOVE = YES;
				CLANG_WARN_UNREACHABLE_CODE = YES;
				CLANG_WARN__DUPLICATE_METHOD_MATCH = YES;
				CODE_SIGN_IDENTITY = "-";
				COPY_PHASE_STRIP = NO;
				DEBUG_INFORMATION_FORMAT = dwarf;
				ENABLE_STRICT_OBJC_MSGSEND = YES;
				ENABLE_TESTABILITY = YES;
				GCC_C_LANGUAGE_STANDARD = gnu99;
				GCC_DYNAMIC_NO_PIC = NO;
				GCC_NO_COMMON_BLOCKS = YES;
				GCC_OPTIMIZATION_LEVEL = 0;
				GCC_PREPROCESSOR_DEFINITIONS = (
					"DEBUG=1",
					"$(inherited)",
				);
				GCC_WARN_64_TO_32_BIT_CONVERSION = YES;
				GCC_WARN_ABOUT_RETURN_TYPE = YES_ERROR;
				GCC_WARN_UNDECLARED_SELECTOR = YES;
				GCC_WARN_UNINITIALIZED_AUTOS = YES_AGGRESSIVE;
				GCC_WARN_UNUSED_FUNCTION = YES;
				GCC_WARN_UNUSED_VARIABLE = YES;
				MACOSX_DEPLOYMENT_TARGET = 10.12;
				MTL_ENABLE_DEBUG_INFO = YES;
				ONLY_ACTIVE_ARCH = YES;
				SDKROOT = macosx;
			};
			name = Debug;
		};
		57EE07A11EDEAA290061F62A /* Release */ = {
			isa = XCBuildConfiguration;
			buildSettings = {
				ALWAYS_SEARCH_USER_PATHS = NO;
				CLANG_ANALYZER_NONNULL = YES;
				CLANG_ANALYZER_NUMBER_OBJECT_CONVERSION = YES_AGGRESSIVE;
				CLANG_CXX_LANGUAGE_STANDARD = "c++14";
				CLANG_CXX_LIBRARY = "libc++";
				CLANG_ENABLE_MODULES = YES;
				CLANG_ENABLE_OBJC_ARC = YES;
				CLANG_WARN_BOOL_CONVERSION = YES;
				CLANG_WARN_CONSTANT_CONVERSION = YES;
				CLANG_WARN_DIRECT_OBJC_ISA_USAGE = YES_ERROR;
				CLANG_WARN_DOCUMENTATION_COMMENTS = YES;
				CLANG_WARN_EMPTY_BODY = YES;
				CLANG_WARN_ENUM_CONVERSION = YES;
				CLANG_WARN_INFINITE_RECURSION = YES;
				CLANG_WARN_INT_CONVERSION = YES;
				CLANG_WARN_OBJC_ROOT_CLASS = YES_ERROR;
				CLANG_WARN_SUSPICIOUS_MOVE = YES;
				CLANG_WARN_UNREACHABLE_CODE = YES;
				CLANG_WARN__DUPLICATE_METHOD_MATCH = YES;
				CODE_SIGN_IDENTITY = "-";
				COPY_PHASE_STRIP = NO;
				DEBUG_INFORMATION_FORMAT = "dwarf-with-dsym";
				ENABLE_NS_ASSERTIONS = NO;
				ENABLE_STRICT_OBJC_MSGSEND = YES;
				GCC_C_LANGUAGE_STANDARD = gnu99;
				GCC_NO_COMMON_BLOCKS = YES;
				GCC_WARN_64_TO_32_BIT_CONVERSION = YES;
				GCC_WARN_ABOUT_RETURN_TYPE = YES_ERROR;
				GCC_WARN_UNDECLARED_SELECTOR = YES;
				GCC_WARN_UNINITIALIZED_AUTOS = YES_AGGRESSIVE;
				GCC_WARN_UNUSED_FUNCTION = YES;
				GCC_WARN_UNUSED_VARIABLE = YES;
				MACOSX_DEPLOYMENT_TARGET = 10.12;
				MTL_ENABLE_DEBUG_INFO = NO;
				SDKROOT = macosx;
			};
			name = Release;
		};
		57EE07A31EDEAA290061F62A /* Debug */ = {
			isa = XCBuildConfiguration;
			buildSettings = {
				ASSETCATALOG_COMPILER_APPICON_NAME = AppIcon;
				COMBINE_HIDPI_IMAGES = YES;
				HEADER_SEARCH_PATHS = "$(PROJECT_DIR)/../../include";
				INFOPLIST_FILE = midisynth/Info.plist;
				LD_RUNPATH_SEARCH_PATHS = "$(inherited) @executable_path/../Frameworks";
				LIBRARY_SEARCH_PATHS = (
					"$(PROJECT_DIR)/../../lib",
					"$(PROJECT_DIR)",
				);
				MACOSX_DEPLOYMENT_TARGET = 10.12;
				OTHER_CODE_SIGN_FLAGS = "--deep";
				PRODUCT_BUNDLE_IDENTIFIER = csound.midisynth;
				PRODUCT_NAME = "$(TARGET_NAME)";
			};
			name = Debug;
		};
		57EE07A41EDEAA290061F62A /* Release */ = {
			isa = XCBuildConfiguration;
			buildSettings = {
				ASSETCATALOG_COMPILER_APPICON_NAME = AppIcon;
				COMBINE_HIDPI_IMAGES = YES;
				HEADER_SEARCH_PATHS = "$(PROJECT_DIR)/../../include";
				INFOPLIST_FILE = midisynth/Info.plist;
				LD_RUNPATH_SEARCH_PATHS = "$(inherited) @executable_path/../Frameworks";
				LIBRARY_SEARCH_PATHS = (
					"$(PROJECT_DIR)/../../lib",
					"$(PROJECT_DIR)",
				);
				MACOSX_DEPLOYMENT_TARGET = 10.12;
				OTHER_CODE_SIGN_FLAGS = "--deep";
				PRODUCT_BUNDLE_IDENTIFIER = csound.midisynth;
				PRODUCT_NAME = "$(TARGET_NAME)";
			};
			name = Release;
		};
/* End XCBuildConfiguration section */

/* Begin XCConfigurationList section */
		57EE07731EDEAA290061F62A /* Build configuration list for PBXProject "midisynth" */ = {
			isa = XCConfigurationList;
			buildConfigurations = (
				57EE07A01EDEAA290061F62A /* Debug */,
				57EE07A11EDEAA290061F62A /* Release */,
			);
			defaultConfigurationIsVisible = 0;
			defaultConfigurationName = Release;
		};
		57EE07A21EDEAA290061F62A /* Build configuration list for PBXNativeTarget "midisynth" */ = {
			isa = XCConfigurationList;
			buildConfigurations = (
				57EE07A31EDEAA290061F62A /* Debug */,
				57EE07A41EDEAA290061F62A /* Release */,
			);
			defaultConfigurationIsVisible = 0;
			defaultConfigurationName = Release;
		};
/* End XCConfigurationList section */
	};
	rootObject = 57EE07701EDEAA290061F62A /* Project object */;
}
